
Microsoft Visual Studio Solution File, Format Version 12.00
# Visual Studio Version 16
VisualStudioVersion = 16.0.30611.23
MinimumVisualStudioVersion = 10.0.40219.1
Project("{FAE04EC0-301F-11D3-BF4B-00C04F79EFBC}") = "TaskManager", "TaskManager\TaskManager.csproj", "{DCFA47D2-DDEB-4CB6-93D8-EEFD0FDAD61A}"
EndProject
Global
	GlobalSection(SolutionConfigurationPlatforms) = preSolution
		Debug|Any CPU = Debug|Any CPU
		Release|Any CPU = Release|Any CPU
	EndGlobalSection
	GlobalSection(ProjectConfigurationPlatforms) = postSolution
		{DCFA47D2-DDEB-4CB6-93D8-EEFD0FDAD61A}.Debug|Any CPU.ActiveCfg = Debug|Any CPU
		{DCFA47D2-DDEB-4CB6-93D8-EEFD0FDAD61A}.Debug|Any CPU.Build.0 = Debug|Any CPU
		{DCFA47D2-DDEB-4CB6-93D8-EEFD0FDAD61A}.Release|Any CPU.ActiveCfg = Release|Any CPU
		{DCFA47D2-DDEB-4CB6-93D8-EEFD0FDAD61A}.Release|Any CPU.Build.0 = Release|Any CPU
	EndGlobalSection
	GlobalSection(SolutionProperties) = preSolution
		HideSolutionNode = FALSE
	EndGlobalSection
	GlobalSection(ExtensibilityGlobals) = postSolution
		SolutionGuid = {53720E3F-0782-447C-8DEB-49C46EE8AADB}
	EndGlobalSection
EndGlobal
